
Microsoft Visual Studio Solution File, Format Version 12.00
# Visual Studio Version 17
VisualStudioVersion = 17.10.35013.160
MinimumVisualStudioVersion = 10.0.40219.1
Project("{9A19103F-16F7-4668-BE54-9A1E7A4F7556}") = "NZwalks.API", "NZwalks.API\NZwalks.API.csproj", "{D873B2E1-0471-4740-A11B-545CF435539B}"
EndProject
Project("{FAE04EC0-301F-11D3-BF4B-00C04F79EFBC}") = "NZWalks.UI", "NZWalks.UI\NZWalks.UI.csproj", "{1AD2296C-1B6D-490C-8F8B-781DD7FAC597}"
EndProject
Global
	GlobalSection(SolutionConfigurationPlatforms) = preSolution
		Debug|Any CPU = Debug|Any CPU
		Release|Any CPU = Release|Any CPU
	EndGlobalSection
	GlobalSection(ProjectConfigurationPlatforms) = postSolution
		{D873B2E1-0471-4740-A11B-545CF435539B}.Debug|Any CPU.ActiveCfg = Debug|Any CPU
		{D873B2E1-0471-4740-A11B-545CF435539B}.Debug|Any CPU.Build.0 = Debug|Any CPU
		{D873B2E1-0471-4740-A11B-545CF435539B}.Release|Any CPU.ActiveCfg = Release|Any CPU
		{D873B2E1-0471-4740-A11B-545CF435539B}.Release|Any CPU.Build.0 = Release|Any CPU
		{1AD2296C-1B6D-490C-8F8B-781DD7FAC597}.Debug|Any CPU.ActiveCfg = Debug|Any CPU
		{1AD2296C-1B6D-490C-8F8B-781DD7FAC597}.Debug|Any CPU.Build.0 = Debug|Any CPU
		{1AD2296C-1B6D-490C-8F8B-781DD7FAC597}.Release|Any CPU.ActiveCfg = Release|Any CPU
		{1AD2296C-1B6D-490C-8F8B-781DD7FAC597}.Release|Any CPU.Build.0 = Release|Any CPU
	EndGlobalSection
	GlobalSection(SolutionProperties) = preSolution
		HideSolutionNode = FALSE
	EndGlobalSection
	GlobalSection(ExtensibilityGlobals) = postSolution
		SolutionGuid = {5567D77E-8A72-4BDC-BAAE-AB791A337844}
	EndGlobalSection
EndGlobal
